
Microsoft Visual Studio Solution File, Format Version 12.00
# Visual Studio Version 16
VisualStudioVersion = 16.0.31321.278
MinimumVisualStudioVersion = 10.0.40219.1
Project("{FAE04EC0-301F-11D3-BF4B-00C04F79EFBC}") = "Cymax_App", "Cymax_App\Cymax_App.csproj", "{DD1AA5C4-BEF9-4BFE-A8C0-07629C213164}"
EndProject
Project("{FAE04EC0-301F-11D3-BF4B-00C04F79EFBC}") = "Cymax_Test", "Cymax_Test\Cymax_Test.csproj", "{3EF8C0EF-271D-49D8-B253-AACDFC91F08B}"
	ProjectSection(ProjectDependencies) = postProject
		{DD1AA5C4-BEF9-4BFE-A8C0-07629C213164} = {DD1AA5C4-BEF9-4BFE-A8C0-07629C213164}
	EndProjectSection
EndProject
Global
	GlobalSection(SolutionConfigurationPlatforms) = preSolution
		Debug|Any CPU = Debug|Any CPU
		Release|Any CPU = Release|Any CPU
	EndGlobalSection
	GlobalSection(ProjectConfigurationPlatforms) = postSolution
		{DD1AA5C4-BEF9-4BFE-A8C0-07629C213164}.Debug|Any CPU.ActiveCfg = Debug|Any CPU
		{DD1AA5C4-BEF9-4BFE-A8C0-07629C213164}.Debug|Any CPU.Build.0 = Debug|Any CPU
		{DD1AA5C4-BEF9-4BFE-A8C0-07629C213164}.Release|Any CPU.ActiveCfg = Release|Any CPU
		{DD1AA5C4-BEF9-4BFE-A8C0-07629C213164}.Release|Any CPU.Build.0 = Release|Any CPU
		{3EF8C0EF-271D-49D8-B253-AACDFC91F08B}.Debug|Any CPU.ActiveCfg = Debug|Any CPU
		{3EF8C0EF-271D-49D8-B253-AACDFC91F08B}.Debug|Any CPU.Build.0 = Debug|Any CPU
		{3EF8C0EF-271D-49D8-B253-AACDFC91F08B}.Release|Any CPU.ActiveCfg = Release|Any CPU
		{3EF8C0EF-271D-49D8-B253-AACDFC91F08B}.Release|Any CPU.Build.0 = Release|Any CPU
	EndGlobalSection
	GlobalSection(SolutionProperties) = preSolution
		HideSolutionNode = FALSE
	EndGlobalSection
	GlobalSection(ExtensibilityGlobals) = postSolution
		SolutionGuid = {FCCB6ECF-B119-4E77-B674-452B70BD4A05}
	EndGlobalSection
EndGlobal
